
Microsoft Visual Studio Solution File, Format Version 12.00
# Visual Studio Version 16
VisualStudioVersion = 16.0.31129.286
MinimumVisualStudioVersion = 10.0.40219.1
Project("{FAE04EC0-301F-11D3-BF4B-00C04F79EFBC}") = "categorysubCategoryTreeview", "categorysubCategoryTreeview\categorysubCategoryTreeview.csproj", "{551BFD70-0487-495C-95B7-9B2EEB72CE1E}"
EndProject
Global
	GlobalSection(SolutionConfigurationPlatforms) = preSolution
		Debug|Any CPU = Debug|Any CPU
		Release|Any CPU = Release|Any CPU
	EndGlobalSection
	GlobalSection(ProjectConfigurationPlatforms) = postSolution
		{551BFD70-0487-495C-95B7-9B2EEB72CE1E}.Debug|Any CPU.ActiveCfg = Debug|Any CPU
		{551BFD70-0487-495C-95B7-9B2EEB72CE1E}.Debug|Any CPU.Build.0 = Debug|Any CPU
		{551BFD70-0487-495C-95B7-9B2EEB72CE1E}.Release|Any CPU.ActiveCfg = Release|Any CPU
		{551BFD70-0487-495C-95B7-9B2EEB72CE1E}.Release|Any CPU.Build.0 = Release|Any CPU
	EndGlobalSection
	GlobalSection(SolutionProperties) = preSolution
		HideSolutionNode = FALSE
	EndGlobalSection
	GlobalSection(ExtensibilityGlobals) = postSolution
		SolutionGuid = {E1183505-DA4B-402F-980E-EC8481A56D79}
	EndGlobalSection
EndGlobal
